// !$*UTF8*$!
{
	archiveVersion = 1;
	classes = {
	};
	objectVersion = 46;
	objects = {
/* Begin PBXBuildFile section */
		0207DA581B56EA530066E2B4 /* Images.xcassets in Resources */ = {isa = PBXBuildFile; fileRef = 0207DA571B56EA530066E2B4 /* Images.xcassets */; };
		1D3623260D0F684500981E51 /* AppDelegate.m in Sources */ = {isa = PBXBuildFile; fileRef = 1D3623250D0F684500981E51 /* AppDelegate.m */; };
		1D60589B0D05DD56006BFB54 /* main.m in Sources */ = {isa = PBXBuildFile; fileRef = 29B97316FDCFA39411CA2CEA /* main.m */; };
		301BF552109A68D80062928A /* libCordova.a in Frameworks */ = {isa = PBXBuildFile; fileRef = 301BF535109A57CC0062928A /* libCordova.a */; };
		302D95F114D2391D003F00A1 /* MainViewController.m in Sources */ = {isa = PBXBuildFile; fileRef = 302D95EF14D2391D003F00A1 /* MainViewController.m */; };
		302D95F214D2391D003F00A1 /* MainViewController.xib in Resources */ = {isa = PBXBuildFile; fileRef = 302D95F014D2391D003F00A1 /* MainViewController.xib */; };
		3047A5121AB8059700498E2A /* build-debug.xcconfig in Resources */ = {isa = PBXBuildFile; fileRef = 3047A50F1AB8059700498E2A /* build-debug.xcconfig */; };
		3047A5131AB8059700498E2A /* build-release.xcconfig in Resources */ = {isa = PBXBuildFile; fileRef = 3047A5101AB8059700498E2A /* build-release.xcconfig */; };
		3047A5141AB8059700498E2A /* build.xcconfig in Resources */ = {isa = PBXBuildFile; fileRef = 3047A5111AB8059700498E2A /* build.xcconfig */; };
		6AFF5BF91D6E424B00AB3073 /* CDVLaunchScreen.storyboard in Resources */ = {isa = PBXBuildFile; fileRef = 6AFF5BF81D6E424B00AB3073 /* CDVLaunchScreen.storyboard */; };
		531891430BE74D058CA1FFDF /* SitewaertsDocumentViewer.m in Sources */ = {isa = PBXBuildFile; fileRef = 4C00F2D31DF34756B3DB81DC /* SitewaertsDocumentViewer.m */; };
		7625BD23B29D4E43B2546164 /* CGPDFDocument.m in Sources */ = {isa = PBXBuildFile; fileRef = 3448E7B43F1A40BD8D1DDE74 /* CGPDFDocument.m */; };
		3F0B78C8E88C42A29735DD48 /* ReaderConstants.m in Sources */ = {isa = PBXBuildFile; fileRef = FBC80FAC118145FC92FC14F6 /* ReaderConstants.m */; };
		271B5AF56E1B47C8AFD2FB0A /* ReaderContentPage.m in Sources */ = {isa = PBXBuildFile; fileRef = FBD7138894384AAF9D1B75DB /* ReaderContentPage.m */; };
		90944A746EA14CD4A21D2096 /* ReaderContentTile.m in Sources */ = {isa = PBXBuildFile; fileRef = 13377B6992D54BA9988586A7 /* ReaderContentTile.m */; };
		5A2EAC87F0E440618449586F /* ReaderContentView.m in Sources */ = {isa = PBXBuildFile; fileRef = 697A652C0E2F44CEB35D50BF /* ReaderContentView.m */; };
		CBFF0453FA2D4007A9B4BCA9 /* ReaderDocument.m in Sources */ = {isa = PBXBuildFile; fileRef = 5E09E8EC5FEE4BB9AB787F96 /* ReaderDocument.m */; };
		60A1F8573D344E4DBF2B81CD /* ReaderDocumentOutline.m in Sources */ = {isa = PBXBuildFile; fileRef = 2FC06ED64F6A4FD784A01781 /* ReaderDocumentOutline.m */; };
		34B3D9FE4E7B4B5887EBA816 /* ReaderMainPagebar.m in Sources */ = {isa = PBXBuildFile; fileRef = 0B4314F84F7841EFB0A6EEA4 /* ReaderMainPagebar.m */; };
		E51B025334F04CAF96FC0426 /* ReaderMainToolbar.m in Sources */ = {isa = PBXBuildFile; fileRef = 48BFAE47FBB643B79BDDC4D4 /* ReaderMainToolbar.m */; };
		5A0BB036B692416FA9AF0B43 /* ReaderMainToolbar+SDVReaderMainToolbarPassThrough.m in Sources */ = {isa = PBXBuildFile; fileRef = 2327BA09BFD84328BE7BC2C8 /* ReaderMainToolbar+SDVReaderMainToolbarPassThrough.m */; };
		908A423EA0E04A808DD783B4 /* ReaderThumbCache.m in Sources */ = {isa = PBXBuildFile; fileRef = E6C145B6D8DA438DB8F6C0AA /* ReaderThumbCache.m */; };
		2BDCEBFF9F0C428188C48E16 /* ReaderThumbFetch.m in Sources */ = {isa = PBXBuildFile; fileRef = AF4B58F0C0E44FC7974723FB /* ReaderThumbFetch.m */; };
		1415475561914207A742759F /* ReaderThumbQueue.m in Sources */ = {isa = PBXBuildFile; fileRef = 1496151120A345CEA81C381B /* ReaderThumbQueue.m */; };
		683BC966631741CDBE37F7F3 /* ReaderThumbRender.m in Sources */ = {isa = PBXBuildFile; fileRef = 3A352C6F4C18486CABA460F9 /* ReaderThumbRender.m */; };
		A9A62544FD614899A36C82D3 /* ReaderThumbRequest.m in Sources */ = {isa = PBXBuildFile; fileRef = 8E338BA962F049D1AB7FF886 /* ReaderThumbRequest.m */; };
		CB4AD6EF99DC4BA9B1710C06 /* ReaderThumbsView.m in Sources */ = {isa = PBXBuildFile; fileRef = F1CC4CD20E154BCD9A57B0B6 /* ReaderThumbsView.m */; };
		79B1485ECA014473839CF8E8 /* ReaderThumbView.m in Sources */ = {isa = PBXBuildFile; fileRef = F0C5F11C3F3F4671BC582853 /* ReaderThumbView.m */; };
		5AD20EFF98944E7DA0AF86F9 /* ReaderViewController.m in Sources */ = {isa = PBXBuildFile; fileRef = F9121585CC074F4AB4F98CB1 /* ReaderViewController.m */; };
		716405D85E904D73A65DBBA1 /* ReaderViewController+SDVReaderViewControllerPassThrough.m in Sources */ = {isa = PBXBuildFile; fileRef = BF51C75B712448D89F9A61B2 /* ReaderViewController+SDVReaderViewControllerPassThrough.m */; };
		B44379B46D22427EA9F3C33B /* SDVReaderContentViewDoublePage.m in Sources */ = {isa = PBXBuildFile; fileRef = 98C08124689548F58245B505 /* SDVReaderContentViewDoublePage.m */; };
		C04ECB089CD94E08AC3C8A69 /* SDVReaderMainPagebar.m in Sources */ = {isa = PBXBuildFile; fileRef = 88E5EA56077B40348B9008AF /* SDVReaderMainPagebar.m */; };
		8B044E04E36F499BB9CB2CD2 /* SDVReaderMainToolbar.m in Sources */ = {isa = PBXBuildFile; fileRef = B02E27270E7B40908AFB535F /* SDVReaderMainToolbar.m */; };
		A31639B21820442BA6BA8867 /* SDVReaderViewController.m in Sources */ = {isa = PBXBuildFile; fileRef = 2F7A13B289EC4ABFB1ECFB0E /* SDVReaderViewController.m */; };
		4F12B07DFE8C4204A020FAE7 /* SDVThumbsMainToolbar.m in Sources */ = {isa = PBXBuildFile; fileRef = 863B52FD58964671B8B54BDE /* SDVThumbsMainToolbar.m */; };
		1ADE3D078E6342BD9AACA4FD /* SDVThumbsViewController.m in Sources */ = {isa = PBXBuildFile; fileRef = A2B9A892288248B69251F20B /* SDVThumbsViewController.m */; };
		BBCD31A2F07C481E850F6B39 /* ThumbsMainToolbar.m in Sources */ = {isa = PBXBuildFile; fileRef = 91F218F334D3417DAE171083 /* ThumbsMainToolbar.m */; };
		48585E5C53AB4582B7759F68 /* ThumbsMainToolbar+SDVThumbsMainToolbarPassThrough.m in Sources */ = {isa = PBXBuildFile; fileRef = EC4513E7565D4E52AC64EFAC /* ThumbsMainToolbar+SDVThumbsMainToolbarPassThrough.m */; };
		7B4F2402611A491CADBF3020 /* ThumbsViewController.m in Sources */ = {isa = PBXBuildFile; fileRef = EA7DAA47D98D404D823DA31A /* ThumbsViewController.m */; };
		BDFAF2D23F0049CA99E344F5 /* ThumbsViewController+SDVThumbsViewControllerPassThrough.m in Sources */ = {isa = PBXBuildFile; fileRef = F88529EF000D47E590FD8468 /* ThumbsViewController+SDVThumbsViewControllerPassThrough.m */; };
		A3AAE245801A4B729C3EF8F1 /* UIXToolbarView.m in Sources */ = {isa = PBXBuildFile; fileRef = 97AE8F00F419415680E1D151 /* UIXToolbarView.m */; };
		444B1ADBAFAB4AD7B226D53A /* Default-568h@2x.png in Resources */ = {isa = PBXBuildFile; fileRef = A794BCD3FEEA4110AE78AA9F /* Default-568h@2x.png */; };
		0A622331F4F545E0A2F26892 /* Reader-Button-H.png in Resources */ = {isa = PBXBuildFile; fileRef = 43330228FD1A43B5B8B9EE50 /* Reader-Button-H.png */; };
		C9ABF95176D44790B30D7C30 /* Reader-Button-H@2x.png in Resources */ = {isa = PBXBuildFile; fileRef = C0112BDE58E54EBE9C50723C /* Reader-Button-H@2x.png */; };
		34DDD4A3A6BB4BCFBC7271BB /* Reader-Button-N.png in Resources */ = {isa = PBXBuildFile; fileRef = E6CD8ADE18574484A4969291 /* Reader-Button-N.png */; };
		56A7B064EEBF47A8ABFD25BE /* Reader-Button-N@2x.png in Resources */ = {isa = PBXBuildFile; fileRef = 6E4B2F17C1194868965411DD /* Reader-Button-N@2x.png */; };
		DC676C2A2A404945A8EAC5C8 /* Reader-Email.png in Resources */ = {isa = PBXBuildFile; fileRef = 8C7A2C93DCAE46C9B72203D0 /* Reader-Email.png */; };
		2DB57E134785490AB15537E5 /* Reader-Email@2x.png in Resources */ = {isa = PBXBuildFile; fileRef = 8BE292ED8CEC430A94C0A419 /* Reader-Email@2x.png */; };
		2BF146C84F9940BCA50598D5 /* Reader-Export.png in Resources */ = {isa = PBXBuildFile; fileRef = EEA6C335BC33459EA63E7998 /* Reader-Export.png */; };
		456690EF7E904FFC9F6BEA34 /* Reader-Export@2x.png in Resources */ = {isa = PBXBuildFile; fileRef = 57C80D86ED784C08A87B0D82 /* Reader-Export@2x.png */; };
		A32FA096618A47569FCC0135 /* Reader-Mark-N.png in Resources */ = {isa = PBXBuildFile; fileRef = 1B065CD58DB94057966B9C48 /* Reader-Mark-N.png */; };
		A4D8F9A8F5DF49678BC2D022 /* Reader-Mark-N@2x.png in Resources */ = {isa = PBXBuildFile; fileRef = AA3C6A4D1C4549E1B00AC931 /* Reader-Mark-N@2x.png */; };
		56541FB6D16E47ADAA48E9A2 /* Reader-Mark-Y.png in Resources */ = {isa = PBXBuildFile; fileRef = 5FDD4AB1CD7D4A8F8418C17E /* Reader-Mark-Y.png */; };
		3397B9FD21D848FF9A7CF355 /* Reader-Mark-Y@2x.png in Resources */ = {isa = PBXBuildFile; fileRef = FACFA14961E244EEABA2798F /* Reader-Mark-Y@2x.png */; };
		65FB2DAA96F547A284509C9C /* Reader-Print.png in Resources */ = {isa = PBXBuildFile; fileRef = FF4F72CEA0EF4B1E90188BDF /* Reader-Print.png */; };
		60C560E651EB402B8C42B713 /* Reader-Print@2x.png in Resources */ = {isa = PBXBuildFile; fileRef = E29ABCAF57C24386A75248D0 /* Reader-Print@2x.png */; };
		98C20BE7DB8F43FAABC5312A /* Reader-Thumbs.png in Resources */ = {isa = PBXBuildFile; fileRef = E847C080D56B40B19BAB7830 /* Reader-Thumbs.png */; };
		404E524B69434D2D8735C3D0 /* Reader-Thumbs@2x.png in Resources */ = {isa = PBXBuildFile; fileRef = 56AFCE3CFDBE4D8EA1254DFD /* Reader-Thumbs@2x.png */; };
		74B24456542842F0B89526F2 /* SDVReader-CoverPage.png in Resources */ = {isa = PBXBuildFile; fileRef = 07F29B2AF95841B5AC4EB0AC /* SDVReader-CoverPage.png */; };
		F90E9FFA4E044DB5B21A36E7 /* SDVReader-CoverPage@2x.png in Resources */ = {isa = PBXBuildFile; fileRef = F92AEB5AB6894C1CABDF63A7 /* SDVReader-CoverPage@2x.png */; };
		D7D613E523BD4F7DB19B34FE /* SDVReader-DoublePage.png in Resources */ = {isa = PBXBuildFile; fileRef = 29EC840240CC49DE9F9346EC /* SDVReader-DoublePage.png */; };
		2ABAAC9500264136ADEF2D1E /* SDVReader-DoublePage@2x.png in Resources */ = {isa = PBXBuildFile; fileRef = 87FB1BEB2F554B65827E2540 /* SDVReader-DoublePage@2x.png */; };
		2DC698D0B1CE46EAB3B57AE5 /* SDVReader-Outline.png in Resources */ = {isa = PBXBuildFile; fileRef = A193041D34144653A0B54EE7 /* SDVReader-Outline.png */; };
		909861B83982496F842663E2 /* SDVReader-Outline@2x.png in Resources */ = {isa = PBXBuildFile; fileRef = 9364B1FFA45A48B48AE9E03E /* SDVReader-Outline@2x.png */; };
		D5FFD5C6A2054A12B50F625D /* SDVReader-SinglePage.png in Resources */ = {isa = PBXBuildFile; fileRef = 0B80645F0A2A44EDA95E64C5 /* SDVReader-SinglePage.png */; };
		7E53A9AA35DC4714B7C7416C /* SDVReader-SinglePage@2x.png in Resources */ = {isa = PBXBuildFile; fileRef = 73E8407094EF40B1B411420B /* SDVReader-SinglePage@2x.png */; };
		4DC3DC93940B43B298EAF6DE /* UIKit.framework in Frameworks */ = {isa = PBXBuildFile; fileRef = E8F928A8D78B4E41AFD8BE01 /* UIKit.framework */; };
		B7DF04A89B5F44CDABF8A08B /* Foundation.framework in Frameworks */ = {isa = PBXBuildFile; fileRef = 9EBBA513F0974FE7AC148E50 /* Foundation.framework */; };
		14B42A0959BC4261A3D780A5 /* QuartzCore.framework in Frameworks */ = {isa = PBXBuildFile; fileRef = 0F8D25417873439382EFEEFC /* QuartzCore.framework */; };
		AF269227771441BFAA107B15 /* ImageIO.framework in Frameworks */ = {isa = PBXBuildFile; fileRef = 0686768FD9B6485BB92FD658 /* ImageIO.framework */; };
		4AC632E018B9457D83D942C4 /* MessageUI.framework in Frameworks */ = {isa = PBXBuildFile; fileRef = 9CEDD918B9B1449E921D71EF /* MessageUI.framework */; };
/* End PBXBuildFile section */

/* Begin PBXContainerItemProxy section */
		301BF534109A57CC0062928A /* PBXContainerItemProxy */ = {
			isa = PBXContainerItemProxy;
			containerPortal = 301BF52D109A57CC0062928A /* CordovaLib.xcodeproj */;
			proxyType = 2;
			remoteGlobalIDString = D2AAC07E0554694100DB518D;
			remoteInfo = CordovaLib;
		};
		301BF550109A68C00062928A /* PBXContainerItemProxy */ = {
			isa = PBXContainerItemProxy;
			containerPortal = 301BF52D109A57CC0062928A /* CordovaLib.xcodeproj */;
			proxyType = 1;
			remoteGlobalIDString = D2AAC07D0554694100DB518D;
			remoteInfo = CordovaLib;
		};
/* End PBXContainerItemProxy section */

/* Begin PBXFileReference section */
		0207DA571B56EA530066E2B4 /* Images.xcassets */ = {isa = PBXFileReference; lastKnownFileType = folder.assetcatalog; name = Images.xcassets; path = "HelloCordova/Images.xcassets"; sourceTree = SOURCE_ROOT; };
		1D3623240D0F684500981E51 /* AppDelegate.h */ = {isa = PBXFileReference; fileEncoding = 4; lastKnownFileType = sourcecode.c.h; path = AppDelegate.h; sourceTree = "<group>"; };
		1D3623250D0F684500981E51 /* AppDelegate.m */ = {isa = PBXFileReference; fileEncoding = 4; lastKnownFileType = sourcecode.c.objc; path = AppDelegate.m; sourceTree = "<group>"; };
		1D6058910D05DD3D006BFB54 /* HelloCordova.app */ = {isa = PBXFileReference; explicitFileType = wrapper.application; includeInIndex = 0; path = "HelloCordova.app"; sourceTree = BUILT_PRODUCTS_DIR; };
		29B97316FDCFA39411CA2CEA /* main.m */ = {isa = PBXFileReference; fileEncoding = 4; lastKnownFileType = sourcecode.c.objc; path = main.m; sourceTree = "<group>"; };
		301BF52D109A57CC0062928A /* CordovaLib.xcodeproj */ = {isa = PBXFileReference; lastKnownFileType = "wrapper.pb-project"; path = CordovaLib/CordovaLib.xcodeproj; sourceTree = "<group>"; };
		301BF56E109A69640062928A /* www */ = {isa = PBXFileReference; lastKnownFileType = folder; path = www; sourceTree = SOURCE_ROOT; };
		302D95EE14D2391D003F00A1 /* MainViewController.h */ = {isa = PBXFileReference; fileEncoding = 4; lastKnownFileType = sourcecode.c.h; path = MainViewController.h; sourceTree = "<group>"; };
		302D95EF14D2391D003F00A1 /* MainViewController.m */ = {isa = PBXFileReference; fileEncoding = 4; lastKnownFileType = sourcecode.c.objc; path = MainViewController.m; sourceTree = "<group>"; };
		302D95F014D2391D003F00A1 /* MainViewController.xib */ = {isa = PBXFileReference; fileEncoding = 4; lastKnownFileType = file.xib; path = MainViewController.xib; sourceTree = "<group>"; };
		3047A50F1AB8059700498E2A /* build-debug.xcconfig */ = {isa = PBXFileReference; fileEncoding = 4; lastKnownFileType = text.xcconfig; name = "build-debug.xcconfig"; path = cordova/build-debug.xcconfig; sourceTree = SOURCE_ROOT; };
		3047A5101AB8059700498E2A /* build-release.xcconfig */ = {isa = PBXFileReference; fileEncoding = 4; lastKnownFileType = text.xcconfig; name = "build-release.xcconfig"; path = cordova/build-release.xcconfig; sourceTree = SOURCE_ROOT; };
		3047A5111AB8059700498E2A /* build.xcconfig */ = {isa = PBXFileReference; fileEncoding = 4; lastKnownFileType = text.xcconfig; name = build.xcconfig; path = cordova/build.xcconfig; sourceTree = SOURCE_ROOT; };
		32CA4F630368D1EE00C91783 /* HelloCordova-Prefix.pch */ = {isa = PBXFileReference; fileEncoding = 4; lastKnownFileType = sourcecode.c.h; path = "HelloCordova-Prefix.pch"; sourceTree = "<group>"; };
		6AFF5BF81D6E424B00AB3073 /* CDVLaunchScreen.storyboard */ = {isa = PBXFileReference; fileEncoding = 4; lastKnownFileType = file.storyboard; name = CDVLaunchScreen.storyboard; path = "HelloCordova/CDVLaunchScreen.storyboard"; sourceTree = SOURCE_ROOT; };
		8D1107310486CEB800E47090 /* HelloCordova-Info.plist */ = {isa = PBXFileReference; fileEncoding = 4; lastKnownFileType = text.plist.xml; name = "HelloCordova-Info.plist"; path = "HelloCordova/HelloCordova-Info.plist"; plistStructureDefinitionIdentifier = "com.apple.xcode.plist.structure-definition.iphone.info-plist"; sourceTree = SOURCE_ROOT; };
		EB87FDF31871DA8E0020F90C /* www */ = {isa = PBXFileReference; lastKnownFileType = folder; name = www; path = ../../www; sourceTree = "<group>"; };
		EB87FDF41871DAF40020F90C /* config.xml */ = {isa = PBXFileReference; lastKnownFileType = text.xml; name = config.xml; path = ../../config.xml; sourceTree = "<group>"; };
		F840E1F0165FE0F500CFE078 /* config.xml */ = {isa = PBXFileReference; lastKnownFileType = text.xml; name = config.xml; path = "HelloCordova/config.xml"; sourceTree = "<group>"; };
		ED33DF2A687741AEAF9F8254 /* Bridging-Header.h */ = {isa = PBXFileReference; fileEncoding = 4; lastKnownFileType = sourcecode.c.h; name = "Bridging-Header.h"; path = "Bridging-Header.h"; sourceTree = "<group>"; };
		4C00F2D31DF34756B3DB81DC /* SitewaertsDocumentViewer.m */ = {isa = PBXFileReference; name = "SitewaertsDocumentViewer.m"; path = "cordova-plugin-document-viewer/SitewaertsDocumentViewer.m"; sourceTree = "<group>"; fileEncoding = 4; lastKnownFileType = sourcecode.c.objc; explicitFileType = undefined; includeInIndex = 0; };
		3448E7B43F1A40BD8D1DDE74 /* CGPDFDocument.m */ = {isa = PBXFileReference; name = "CGPDFDocument.m"; path = "cordova-plugin-document-viewer/CGPDFDocument.m"; sourceTree = "<group>"; fileEncoding = 4; lastKnownFileType = sourcecode.c.objc; explicitFileType = undefined; includeInIndex = 0; };
		FBC80FAC118145FC92FC14F6 /* ReaderConstants.m */ = {isa = PBXFileReference; name = "ReaderConstants.m"; path = "cordova-plugin-document-viewer/ReaderConstants.m"; sourceTree = "<group>"; fileEncoding = 4; lastKnownFileType = sourcecode.c.objc; explicitFileType = undefined; includeInIndex = 0; };
		FBD7138894384AAF9D1B75DB /* ReaderContentPage.m */ = {isa = PBXFileReference; name = "ReaderContentPage.m"; path = "cordova-plugin-document-viewer/ReaderContentPage.m"; sourceTree = "<group>"; fileEncoding = 4; lastKnownFileType = sourcecode.c.objc; explicitFileType = undefined; includeInIndex = 0; };
		13377B6992D54BA9988586A7 /* ReaderContentTile.m */ = {isa = PBXFileReference; name = "ReaderContentTile.m"; path = "cordova-plugin-document-viewer/ReaderContentTile.m"; sourceTree = "<group>"; fileEncoding = 4; lastKnownFileType = sourcecode.c.objc; explicitFileType = undefined; includeInIndex = 0; };
		697A652C0E2F44CEB35D50BF /* ReaderContentView.m */ = {isa = PBXFileReference; name = "ReaderContentView.m"; path = "cordova-plugin-document-viewer/ReaderContentView.m"; sourceTree = "<group>"; fileEncoding = 4; lastKnownFileType = sourcecode.c.objc; explicitFileType = undefined; includeInIndex = 0; };
		5E09E8EC5FEE4BB9AB787F96 /* ReaderDocument.m */ = {isa = PBXFileReference; name = "ReaderDocument.m"; path = "cordova-plugin-document-viewer/ReaderDocument.m"; sourceTree = "<group>"; fileEncoding = 4; lastKnownFileType = sourcecode.c.objc; explicitFileType = undefined; includeInIndex = 0; };
		2FC06ED64F6A4FD784A01781 /* ReaderDocumentOutline.m */ = {isa = PBXFileReference; name = "ReaderDocumentOutline.m"; path = "cordova-plugin-document-viewer/ReaderDocumentOutline.m"; sourceTree = "<group>"; fileEncoding = 4; lastKnownFileType = sourcecode.c.objc; explicitFileType = undefined; includeInIndex = 0; };
		0B4314F84F7841EFB0A6EEA4 /* ReaderMainPagebar.m */ = {isa = PBXFileReference; name = "ReaderMainPagebar.m"; path = "cordova-plugin-document-viewer/ReaderMainPagebar.m"; sourceTree = "<group>"; fileEncoding = 4; lastKnownFileType = sourcecode.c.objc; explicitFileType = undefined; includeInIndex = 0; };
		48BFAE47FBB643B79BDDC4D4 /* ReaderMainToolbar.m */ = {isa = PBXFileReference; name = "ReaderMainToolbar.m"; path = "cordova-plugin-document-viewer/ReaderMainToolbar.m"; sourceTree = "<group>"; fileEncoding = 4; lastKnownFileType = sourcecode.c.objc; explicitFileType = undefined; includeInIndex = 0; };
		2327BA09BFD84328BE7BC2C8 /* ReaderMainToolbar+SDVReaderMainToolbarPassThrough.m */ = {isa = PBXFileReference; name = "ReaderMainToolbar+SDVReaderMainToolbarPassThrough.m"; path = "cordova-plugin-document-viewer/ReaderMainToolbar+SDVReaderMainToolbarPassThrough.m"; sourceTree = "<group>"; fileEncoding = 4; lastKnownFileType = sourcecode.c.objc; explicitFileType = undefined; includeInIndex = 0; };
		E6C145B6D8DA438DB8F6C0AA /* ReaderThumbCache.m */ = {isa = PBXFileReference; name = "ReaderThumbCache.m"; path = "cordova-plugin-document-viewer/ReaderThumbCache.m"; sourceTree = "<group>"; fileEncoding = 4; lastKnownFileType = sourcecode.c.objc; explicitFileType = undefined; includeInIndex = 0; };
		AF4B58F0C0E44FC7974723FB /* ReaderThumbFetch.m */ = {isa = PBXFileReference; name = "ReaderThumbFetch.m"; path = "cordova-plugin-document-viewer/ReaderThumbFetch.m"; sourceTree = "<group>"; fileEncoding = 4; lastKnownFileType = sourcecode.c.objc; explicitFileType = undefined; includeInIndex = 0; };
		1496151120A345CEA81C381B /* ReaderThumbQueue.m */ = {isa = PBXFileReference; name = "ReaderThumbQueue.m"; path = "cordova-plugin-document-viewer/ReaderThumbQueue.m"; sourceTree = "<group>"; fileEncoding = 4; lastKnownFileType = sourcecode.c.objc; explicitFileType = undefined; includeInIndex = 0; };
		3A352C6F4C18486CABA460F9 /* ReaderThumbRender.m */ = {isa = PBXFileReference; name = "ReaderThumbRender.m"; path = "cordova-plugin-document-viewer/ReaderThumbRender.m"; sourceTree = "<group>"; fileEncoding = 4; lastKnownFileType = sourcecode.c.objc; explicitFileType = undefined; includeInIndex = 0; };
		8E338BA962F049D1AB7FF886 /* ReaderThumbRequest.m */ = {isa = PBXFileReference; name = "ReaderThumbRequest.m"; path = "cordova-plugin-document-viewer/ReaderThumbRequest.m"; sourceTree = "<group>"; fileEncoding = 4; lastKnownFileType = sourcecode.c.objc; explicitFileType = undefined; includeInIndex = 0; };
		F1CC4CD20E154BCD9A57B0B6 /* ReaderThumbsView.m */ = {isa = PBXFileReference; name = "ReaderThumbsView.m"; path = "cordova-plugin-document-viewer/ReaderThumbsView.m"; sourceTree = "<group>"; fileEncoding = 4; lastKnownFileType = sourcecode.c.objc; explicitFileType = undefined; includeInIndex = 0; };
		F0C5F11C3F3F4671BC582853 /* ReaderThumbView.m */ = {isa = PBXFileReference; name = "ReaderThumbView.m"; path = "cordova-plugin-document-viewer/ReaderThumbView.m"; sourceTree = "<group>"; fileEncoding = 4; lastKnownFileType = sourcecode.c.objc; explicitFileType = undefined; includeInIndex = 0; };
		F9121585CC074F4AB4F98CB1 /* ReaderViewController.m */ = {isa = PBXFileReference; name = "ReaderViewController.m"; path = "cordova-plugin-document-viewer/ReaderViewController.m"; sourceTree = "<group>"; fileEncoding = 4; lastKnownFileType = sourcecode.c.objc; explicitFileType = undefined; includeInIndex = 0; };
		BF51C75B712448D89F9A61B2 /* ReaderViewController+SDVReaderViewControllerPassThrough.m */ = {isa = PBXFileReference; name = "ReaderViewController+SDVReaderViewControllerPassThrough.m"; path = "cordova-plugin-document-viewer/ReaderViewController+SDVReaderViewControllerPassThrough.m"; sourceTree = "<group>"; fileEncoding = 4; lastKnownFileType = sourcecode.c.objc; explicitFileType = undefined; includeInIndex = 0; };
		98C08124689548F58245B505 /* SDVReaderContentViewDoublePage.m */ = {isa = PBXFileReference; name = "SDVReaderContentViewDoublePage.m"; path = "cordova-plugin-document-viewer/SDVReaderContentViewDoublePage.m"; sourceTree = "<group>"; fileEncoding = 4; lastKnownFileType = sourcecode.c.objc; explicitFileType = undefined; includeInIndex = 0; };
		88E5EA56077B40348B9008AF /* SDVReaderMainPagebar.m */ = {isa = PBXFileReference; name = "SDVReaderMainPagebar.m"; path = "cordova-plugin-document-viewer/SDVReaderMainPagebar.m"; sourceTree = "<group>"; fileEncoding = 4; lastKnownFileType = sourcecode.c.objc; explicitFileType = undefined; includeInIndex = 0; };
		B02E27270E7B40908AFB535F /* SDVReaderMainToolbar.m */ = {isa = PBXFileReference; name = "SDVReaderMainToolbar.m"; path = "cordova-plugin-document-viewer/SDVReaderMainToolbar.m"; sourceTree = "<group>"; fileEncoding = 4; lastKnownFileType = sourcecode.c.objc; explicitFileType = undefined; includeInIndex = 0; };
		2F7A13B289EC4ABFB1ECFB0E /* SDVReaderViewController.m */ = {isa = PBXFileReference; name = "SDVReaderViewController.m"; path = "cordova-plugin-document-viewer/SDVReaderViewController.m"; sourceTree = "<group>"; fileEncoding = 4; lastKnownFileType = sourcecode.c.objc; explicitFileType = undefined; includeInIndex = 0; };
		863B52FD58964671B8B54BDE /* SDVThumbsMainToolbar.m */ = {isa = PBXFileReference; name = "SDVThumbsMainToolbar.m"; path = "cordova-plugin-document-viewer/SDVThumbsMainToolbar.m"; sourceTree = "<group>"; fileEncoding = 4; lastKnownFileType = sourcecode.c.objc; explicitFileType = undefined; includeInIndex = 0; };
		A2B9A892288248B69251F20B /* SDVThumbsViewController.m */ = {isa = PBXFileReference; name = "SDVThumbsViewController.m"; path = "cordova-plugin-document-viewer/SDVThumbsViewController.m"; sourceTree = "<group>"; fileEncoding = 4; lastKnownFileType = sourcecode.c.objc; explicitFileType = undefined; includeInIndex = 0; };
		91F218F334D3417DAE171083 /* ThumbsMainToolbar.m */ = {isa = PBXFileReference; name = "ThumbsMainToolbar.m"; path = "cordova-plugin-document-viewer/ThumbsMainToolbar.m"; sourceTree = "<group>"; fileEncoding = 4; lastKnownFileType = sourcecode.c.objc; explicitFileType = undefined; includeInIndex = 0; };
		EC4513E7565D4E52AC64EFAC /* ThumbsMainToolbar+SDVThumbsMainToolbarPassThrough.m */ = {isa = PBXFileReference; name = "ThumbsMainToolbar+SDVThumbsMainToolbarPassThrough.m"; path = "cordova-plugin-document-viewer/ThumbsMainToolbar+SDVThumbsMainToolbarPassThrough.m"; sourceTree = "<group>"; fileEncoding = 4; lastKnownFileType = sourcecode.c.objc; explicitFileType = undefined; includeInIndex = 0; };
		EA7DAA47D98D404D823DA31A /* ThumbsViewController.m */ = {isa = PBXFileReference; name = "ThumbsViewController.m"; path = "cordova-plugin-document-viewer/ThumbsViewController.m"; sourceTree = "<group>"; fileEncoding = 4; lastKnownFileType = sourcecode.c.objc; explicitFileType = undefined; includeInIndex = 0; };
		F88529EF000D47E590FD8468 /* ThumbsViewController+SDVThumbsViewControllerPassThrough.m */ = {isa = PBXFileReference; name = "ThumbsViewController+SDVThumbsViewControllerPassThrough.m"; path = "cordova-plugin-document-viewer/ThumbsViewController+SDVThumbsViewControllerPassThrough.m"; sourceTree = "<group>"; fileEncoding = 4; lastKnownFileType = sourcecode.c.objc; explicitFileType = undefined; includeInIndex = 0; };
		97AE8F00F419415680E1D151 /* UIXToolbarView.m */ = {isa = PBXFileReference; name = "UIXToolbarView.m"; path = "cordova-plugin-document-viewer/UIXToolbarView.m"; sourceTree = "<group>"; fileEncoding = 4; lastKnownFileType = sourcecode.c.objc; explicitFileType = undefined; includeInIndex = 0; };
		C619249E15154153B6595F95 /* SitewaertsDocumentViewer.h */ = {isa = PBXFileReference; name = "SitewaertsDocumentViewer.h"; path = "cordova-plugin-document-viewer/SitewaertsDocumentViewer.h"; sourceTree = "<group>"; fileEncoding = 4; lastKnownFileType = sourcecode.c.h; explicitFileType = undefined; includeInIndex = 0; };
		85E919C4EFFB41E09FF8397D /* CGPDFDocument.h */ = {isa = PBXFileReference; name = "CGPDFDocument.h"; path = "cordova-plugin-document-viewer/CGPDFDocument.h"; sourceTree = "<group>"; fileEncoding = 4; lastKnownFileType = sourcecode.c.h; explicitFileType = undefined; includeInIndex = 0; };
		CE5D66C8791F4ED0BFB9A3BB /* ReaderConstants.h */ = {isa = PBXFileReference; name = "ReaderConstants.h"; path = "cordova-plugin-document-viewer/ReaderConstants.h"; sourceTree = "<group>"; fileEncoding = 4; lastKnownFileType = sourcecode.c.h; explicitFileType = undefined; includeInIndex = 0; };
		FBF15379F23144688B725968 /* ReaderContentPage.h */ = {isa = PBXFileReference; name = "ReaderContentPage.h"; path = "cordova-plugin-document-viewer/ReaderContentPage.h"; sourceTree = "<group>"; fileEncoding = 4; lastKnownFileType = sourcecode.c.h; explicitFileType = undefined; includeInIndex = 0; };
		7B3B7052373743F0B0294D49 /* ReaderContentTile.h */ = {isa = PBXFileReference; name = "ReaderContentTile.h"; path = "cordova-plugin-document-viewer/ReaderContentTile.h"; sourceTree = "<group>"; fileEncoding = 4; lastKnownFileType = sourcecode.c.h; explicitFileType = undefined; includeInIndex = 0; };
		003BA8F641304A3FA3B8823E /* ReaderContentView.h */ = {isa = PBXFileReference; name = "ReaderContentView.h"; path = "cordova-plugin-document-viewer/ReaderContentView.h"; sourceTree = "<group>"; fileEncoding = 4; lastKnownFileType = sourcecode.c.h; explicitFileType = undefined; includeInIndex = 0; };
		793264EE733B4FAA8AFC28C1 /* ReaderDocument.h */ = {isa = PBXFileReference; name = "ReaderDocument.h"; path = "cordova-plugin-document-viewer/ReaderDocument.h"; sourceTree = "<group>"; fileEncoding = 4; lastKnownFileType = sourcecode.c.h; explicitFileType = undefined; includeInIndex = 0; };
		D7715A9056804D679BF6F907 /* ReaderDocumentOutline.h */ = {isa = PBXFileReference; name = "ReaderDocumentOutline.h"; path = "cordova-plugin-document-viewer/ReaderDocumentOutline.h"; sourceTree = "<group>"; fileEncoding = 4; lastKnownFileType = sourcecode.c.h; explicitFileType = undefined; includeInIndex = 0; };
		10E0D0CAB2DF4DCD890778A7 /* ReaderMainPagebar.h */ = {isa = PBXFileReference; name = "ReaderMainPagebar.h"; path = "cordova-plugin-document-viewer/ReaderMainPagebar.h"; sourceTree = "<group>"; fileEncoding = 4; lastKnownFileType = sourcecode.c.h; explicitFileType = undefined; includeInIndex = 0; };
		FDE2424387F947BD841C3ED8 /* ReaderMainToolbar.h */ = {isa = PBXFileReference; name = "ReaderMainToolbar.h"; path = "cordova-plugin-document-viewer/ReaderMainToolbar.h"; sourceTree = "<group>"; fileEncoding = 4; lastKnownFileType = sourcecode.c.h; explicitFileType = undefined; includeInIndex = 0; };
		69F5EFAF0C374CF188AD1293 /* ReaderMainToolbar+SDVReaderMainToolbarPassThrough.h */ = {isa = PBXFileReference; name = "ReaderMainToolbar+SDVReaderMainToolbarPassThrough.h"; path = "cordova-plugin-document-viewer/ReaderMainToolbar+SDVReaderMainToolbarPassThrough.h"; sourceTree = "<group>"; fileEncoding = 4; lastKnownFileType = sourcecode.c.h; explicitFileType = undefined; includeInIndex = 0; };
		83E6C58090FB42B1B7455F9E /* ReaderThumbCache.h */ = {isa = PBXFileReference; name = "ReaderThumbCache.h"; path = "cordova-plugin-document-viewer/ReaderThumbCache.h"; sourceTree = "<group>"; fileEncoding = 4; lastKnownFileType = sourcecode.c.h; explicitFileType = undefined; includeInIndex = 0; };
		49A638CF17594078931329C4 /* ReaderThumbFetch.h */ = {isa = PBXFileReference; name = "ReaderThumbFetch.h"; path = "cordova-plugin-document-viewer/ReaderThumbFetch.h"; sourceTree = "<group>"; fileEncoding = 4; lastKnownFileType = sourcecode.c.h; explicitFileType = undefined; includeInIndex = 0; };
		876607698A9749A49EA26868 /* ReaderThumbQueue.h */ = {isa = PBXFileReference; name = "ReaderThumbQueue.h"; path = "cordova-plugin-document-viewer/ReaderThumbQueue.h"; sourceTree = "<group>"; fileEncoding = 4; lastKnownFileType = sourcecode.c.h; explicitFileType = undefined; includeInIndex = 0; };
		89F07A3395054001AC419868 /* ReaderThumbRender.h */ = {isa = PBXFileReference; name = "ReaderThumbRender.h"; path = "cordova-plugin-document-viewer/ReaderThumbRender.h"; sourceTree = "<group>"; fileEncoding = 4; lastKnownFileType = sourcecode.c.h; explicitFileType = undefined; includeInIndex = 0; };
		4047170B1FE144A28902BF5F /* ReaderThumbRequest.h */ = {isa = PBXFileReference; name = "ReaderThumbRequest.h"; path = "cordova-plugin-document-viewer/ReaderThumbRequest.h"; sourceTree = "<group>"; fileEncoding = 4; lastKnownFileType = sourcecode.c.h; explicitFileType = undefined; includeInIndex = 0; };
		54CD57E18F8C46D69254FE44 /* ReaderThumbsView.h */ = {isa = PBXFileReference; name = "ReaderThumbsView.h"; path = "cordova-plugin-document-viewer/ReaderThumbsView.h"; sourceTree = "<group>"; fileEncoding = 4; lastKnownFileType = sourcecode.c.h; explicitFileType = undefined; includeInIndex = 0; };
		91804C882AEB4CB593D7089A /* ReaderThumbView.h */ = {isa = PBXFileReference; name = "ReaderThumbView.h"; path = "cordova-plugin-document-viewer/ReaderThumbView.h"; sourceTree = "<group>"; fileEncoding = 4; lastKnownFileType = sourcecode.c.h; explicitFileType = undefined; includeInIndex = 0; };
		5B55F9EBC2CC41649D81AF57 /* ReaderViewController.h */ = {isa = PBXFileReference; name = "ReaderViewController.h"; path = "cordova-plugin-document-viewer/ReaderViewController.h"; sourceTree = "<group>"; fileEncoding = 4; lastKnownFileType = sourcecode.c.h; explicitFileType = undefined; includeInIndex = 0; };
		49DB1B40D18C4C7099D72D3C /* ReaderViewController+SDVReaderViewControllerPassThrough.h */ = {isa = PBXFileReference; name = "ReaderViewController+SDVReaderViewControllerPassThrough.h"; path = "cordova-plugin-document-viewer/ReaderViewController+SDVReaderViewControllerPassThrough.h"; sourceTree = "<group>"; fileEncoding = 4; lastKnownFileType = sourcecode.c.h; explicitFileType = undefined; includeInIndex = 0; };
		1630DAA677F34D8FAB13B093 /* SDVReaderContentViewDoublePage.h */ = {isa = PBXFileReference; name = "SDVReaderContentViewDoublePage.h"; path = "cordova-plugin-document-viewer/SDVReaderContentViewDoublePage.h"; sourceTree = "<group>"; fileEncoding = 4; lastKnownFileType = sourcecode.c.h; explicitFileType = undefined; includeInIndex = 0; };
		23A097230237464B86F3E955 /* SDVReaderMainPagebar.h */ = {isa = PBXFileReference; name = "SDVReaderMainPagebar.h"; path = "cordova-plugin-document-viewer/SDVReaderMainPagebar.h"; sourceTree = "<group>"; fileEncoding = 4; lastKnownFileType = sourcecode.c.h; explicitFileType = undefined; includeInIndex = 0; };
		DAB0DD4A8252402EA71D848A /* SDVReaderMainToolbar.h */ = {isa = PBXFileReference; name = "SDVReaderMainToolbar.h"; path = "cordova-plugin-document-viewer/SDVReaderMainToolbar.h"; sourceTree = "<group>"; fileEncoding = 4; lastKnownFileType = sourcecode.c.h; explicitFileType = undefined; includeInIndex = 0; };
		3B43D712A86A47BA98E9DDB9 /* SDVReaderViewController.h */ = {isa = PBXFileReference; name = "SDVReaderViewController.h"; path = "cordova-plugin-document-viewer/SDVReaderViewController.h"; sourceTree = "<group>"; fileEncoding = 4; lastKnownFileType = sourcecode.c.h; explicitFileType = undefined; includeInIndex = 0; };
		E7675636AC804895A79CBB2A /* SDVThumbsMainToolbar.h */ = {isa = PBXFileReference; name = "SDVThumbsMainToolbar.h"; path = "cordova-plugin-document-viewer/SDVThumbsMainToolbar.h"; sourceTree = "<group>"; fileEncoding = 4; lastKnownFileType = sourcecode.c.h; explicitFileType = undefined; includeInIndex = 0; };
		845C17527AAF41099C94F7D0 /* SDVThumbsViewController.h */ = {isa = PBXFileReference; name = "SDVThumbsViewController.h"; path = "cordova-plugin-document-viewer/SDVThumbsViewController.h"; sourceTree = "<group>"; fileEncoding = 4; lastKnownFileType = sourcecode.c.h; explicitFileType = undefined; includeInIndex = 0; };
		C39F714DD65C43D795C18328 /* ThumbsMainToolbar.h */ = {isa = PBXFileReference; name = "ThumbsMainToolbar.h"; path = "cordova-plugin-document-viewer/ThumbsMainToolbar.h"; sourceTree = "<group>"; fileEncoding = 4; lastKnownFileType = sourcecode.c.h; explicitFileType = undefined; includeInIndex = 0; };
		A3F1A458AC104B3697AAFFA0 /* ThumbsMainToolbar+SDVThumbsMainToolbarPassThrough.h */ = {isa = PBXFileReference; name = "ThumbsMainToolbar+SDVThumbsMainToolbarPassThrough.h"; path = "cordova-plugin-document-viewer/ThumbsMainToolbar+SDVThumbsMainToolbarPassThrough.h"; sourceTree = "<group>"; fileEncoding = 4; lastKnownFileType = sourcecode.c.h; explicitFileType = undefined; includeInIndex = 0; };
		7194DF30A0F44D8F9A97D047 /* ThumbsViewController.h */ = {isa = PBXFileReference; name = "ThumbsViewController.h"; path = "cordova-plugin-document-viewer/ThumbsViewController.h"; sourceTree = "<group>"; fileEncoding = 4; lastKnownFileType = sourcecode.c.h; explicitFileType = undefined; includeInIndex = 0; };
		869DFEC09E6B486281650A66 /* ThumbsViewController+SDVThumbsViewControllerPassThrough.h */ = {isa = PBXFileReference; name = "ThumbsViewController+SDVThumbsViewControllerPassThrough.h"; path = "cordova-plugin-document-viewer/ThumbsViewController+SDVThumbsViewControllerPassThrough.h"; sourceTree = "<group>"; fileEncoding = 4; lastKnownFileType = sourcecode.c.h; explicitFileType = undefined; includeInIndex = 0; };
		50E1EF8E44094F2CAB81A8AD /* UIXToolbarView.h */ = {isa = PBXFileReference; name = "UIXToolbarView.h"; path = "cordova-plugin-document-viewer/UIXToolbarView.h"; sourceTree = "<group>"; fileEncoding = 4; lastKnownFileType = sourcecode.c.h; explicitFileType = undefined; includeInIndex = 0; };
		A794BCD3FEEA4110AE78AA9F /* Default-568h@2x.png */ = {isa = PBXFileReference; name = "Default-568h@2x.png"; path = "Default-568h@2x.png"; sourceTree = "<group>"; fileEncoding = undefined; lastKnownFileType = unknown; explicitFileType = undefined; includeInIndex = 0; };
		43330228FD1A43B5B8B9EE50 /* Reader-Button-H.png */ = {isa = PBXFileReference; name = "Reader-Button-H.png"; path = "Reader-Button-H.png"; sourceTree = "<group>"; fileEncoding = undefined; lastKnownFileType = unknown; explicitFileType = undefined; includeInIndex = 0; };
		C0112BDE58E54EBE9C50723C /* Reader-Button-H@2x.png */ = {isa = PBXFileReference; name = "Reader-Button-H@2x.png"; path = "Reader-Button-H@2x.png"; sourceTree = "<group>"; fileEncoding = undefined; lastKnownFileType = unknown; explicitFileType = undefined; includeInIndex = 0; };
		E6CD8ADE18574484A4969291 /* Reader-Button-N.png */ = {isa = PBXFileReference; name = "Reader-Button-N.png"; path = "Reader-Button-N.png"; sourceTree = "<group>"; fileEncoding = undefined; lastKnownFileType = unknown; explicitFileType = undefined; includeInIndex = 0; };
		6E4B2F17C1194868965411DD /* Reader-Button-N@2x.png */ = {isa = PBXFileReference; name = "Reader-Button-N@2x.png"; path = "Reader-Button-N@2x.png"; sourceTree = "<group>"; fileEncoding = undefined; lastKnownFileType = unknown; explicitFileType = undefined; includeInIndex = 0; };
		8C7A2C93DCAE46C9B72203D0 /* Reader-Email.png */ = {isa = PBXFileReference; name = "Reader-Email.png"; path = "Reader-Email.png"; sourceTree = "<group>"; fileEncoding = undefined; lastKnownFileType = unknown; explicitFileType = undefined; includeInIndex = 0; };
		8BE292ED8CEC430A94C0A419 /* Reader-Email@2x.png */ = {isa = PBXFileReference; name = "Reader-Email@2x.png"; path = "Reader-Email@2x.png"; sourceTree = "<group>"; fileEncoding = undefined; lastKnownFileType = unknown; explicitFileType = undefined; includeInIndex = 0; };
		EEA6C335BC33459EA63E7998 /* Reader-Export.png */ = {isa = PBXFileReference; name = "Reader-Export.png"; path = "Reader-Export.png"; sourceTree = "<group>"; fileEncoding = undefined; lastKnownFileType = unknown; explicitFileType = undefined; includeInIndex = 0; };
		57C80D86ED784C08A87B0D82 /* Reader-Export@2x.png */ = {isa = PBXFileReference; name = "Reader-Export@2x.png"; path = "Reader-Export@2x.png"; sourceTree = "<group>"; fileEncoding = undefined; lastKnownFileType = unknown; explicitFileType = undefined; includeInIndex = 0; };
		1B065CD58DB94057966B9C48 /* Reader-Mark-N.png */ = {isa = PBXFileReference; name = "Reader-Mark-N.png"; path = "Reader-Mark-N.png"; sourceTree = "<group>"; fileEncoding = undefined; lastKnownFileType = unknown; explicitFileType = undefined; includeInIndex = 0; };
		AA3C6A4D1C4549E1B00AC931 /* Reader-Mark-N@2x.png */ = {isa = PBXFileReference; name = "Reader-Mark-N@2x.png"; path = "Reader-Mark-N@2x.png"; sourceTree = "<group>"; fileEncoding = undefined; lastKnownFileType = unknown; explicitFileType = undefined; includeInIndex = 0; };
		5FDD4AB1CD7D4A8F8418C17E /* Reader-Mark-Y.png */ = {isa = PBXFileReference; name = "Reader-Mark-Y.png"; path = "Reader-Mark-Y.png"; sourceTree = "<group>"; fileEncoding = undefined; lastKnownFileType = unknown; explicitFileType = undefined; includeInIndex = 0; };
		FACFA14961E244EEABA2798F /* Reader-Mark-Y@2x.png */ = {isa = PBXFileReference; name = "Reader-Mark-Y@2x.png"; path = "Reader-Mark-Y@2x.png"; sourceTree = "<group>"; fileEncoding = undefined; lastKnownFileType = unknown; explicitFileType = undefined; includeInIndex = 0; };
		FF4F72CEA0EF4B1E90188BDF /* Reader-Print.png */ = {isa = PBXFileReference; name = "Reader-Print.png"; path = "Reader-Print.png"; sourceTree = "<group>"; fileEncoding = undefined; lastKnownFileType = unknown; explicitFileType = undefined; includeInIndex = 0; };
		E29ABCAF57C24386A75248D0 /* Reader-Print@2x.png */ = {isa = PBXFileReference; name = "Reader-Print@2x.png"; path = "Reader-Print@2x.png"; sourceTree = "<group>"; fileEncoding = undefined; lastKnownFileType = unknown; explicitFileType = undefined; includeInIndex = 0; };
		E847C080D56B40B19BAB7830 /* Reader-Thumbs.png */ = {isa = PBXFileReference; name = "Reader-Thumbs.png"; path = "Reader-Thumbs.png"; sourceTree = "<group>"; fileEncoding = undefined; lastKnownFileType = unknown; explicitFileType = undefined; includeInIndex = 0; };
		56AFCE3CFDBE4D8EA1254DFD /* Reader-Thumbs@2x.png */ = {isa = PBXFileReference; name = "Reader-Thumbs@2x.png"; path = "Reader-Thumbs@2x.png"; sourceTree = "<group>"; fileEncoding = undefined; lastKnownFileType = unknown; explicitFileType = undefined; includeInIndex = 0; };
		07F29B2AF95841B5AC4EB0AC /* SDVReader-CoverPage.png */ = {isa = PBXFileReference; name = "SDVReader-CoverPage.png"; path = "SDVReader-CoverPage.png"; sourceTree = "<group>"; fileEncoding = undefined; lastKnownFileType = unknown; explicitFileType = undefined; includeInIndex = 0; };
		F92AEB5AB6894C1CABDF63A7 /* SDVReader-CoverPage@2x.png */ = {isa = PBXFileReference; name = "SDVReader-CoverPage@2x.png"; path = "SDVReader-CoverPage@2x.png"; sourceTree = "<group>"; fileEncoding = undefined; lastKnownFileType = unknown; explicitFileType = undefined; includeInIndex = 0; };
		29EC840240CC49DE9F9346EC /* SDVReader-DoublePage.png */ = {isa = PBXFileReference; name = "SDVReader-DoublePage.png"; path = "SDVReader-DoublePage.png"; sourceTree = "<group>"; fileEncoding = undefined; lastKnownFileType = unknown; explicitFileType = undefined; includeInIndex = 0; };
		87FB1BEB2F554B65827E2540 /* SDVReader-DoublePage@2x.png */ = {isa = PBXFileReference; name = "SDVReader-DoublePage@2x.png"; path = "SDVReader-DoublePage@2x.png"; sourceTree = "<group>"; fileEncoding = undefined; lastKnownFileType = unknown; explicitFileType = undefined; includeInIndex = 0; };
		A193041D34144653A0B54EE7 /* SDVReader-Outline.png */ = {isa = PBXFileReference; name = "SDVReader-Outline.png"; path = "SDVReader-Outline.png"; sourceTree = "<group>"; fileEncoding = undefined; lastKnownFileType = unknown; explicitFileType = undefined; includeInIndex = 0; };
		9364B1FFA45A48B48AE9E03E /* SDVReader-Outline@2x.png */ = {isa = PBXFileReference; name = "SDVReader-Outline@2x.png"; path = "SDVReader-Outline@2x.png"; sourceTree = "<group>"; fileEncoding = undefined; lastKnownFileType = unknown; explicitFileType = undefined; includeInIndex = 0; };
		0B80645F0A2A44EDA95E64C5 /* SDVReader-SinglePage.png */ = {isa = PBXFileReference; name = "SDVReader-SinglePage.png"; path = "SDVReader-SinglePage.png"; sourceTree = "<group>"; fileEncoding = undefined; lastKnownFileType = unknown; explicitFileType = undefined; includeInIndex = 0; };
		73E8407094EF40B1B411420B /* SDVReader-SinglePage@2x.png */ = {isa = PBXFileReference; name = "SDVReader-SinglePage@2x.png"; path = "SDVReader-SinglePage@2x.png"; sourceTree = "<group>"; fileEncoding = undefined; lastKnownFileType = unknown; explicitFileType = undefined; includeInIndex = 0; };
		E8F928A8D78B4E41AFD8BE01 /* UIKit.framework */ = {isa = PBXFileReference; name = "UIKit.framework"; path = "System/Library/Frameworks/UIKit.framework"; sourceTree = SDKROOT; fileEncoding = undefined; lastKnownFileType = wrapper.framework; explicitFileType = undefined; includeInIndex = 0; };
		9EBBA513F0974FE7AC148E50 /* Foundation.framework */ = {isa = PBXFileReference; name = "Foundation.framework"; path = "System/Library/Frameworks/Foundation.framework"; sourceTree = SDKROOT; fileEncoding = undefined; lastKnownFileType = wrapper.framework; explicitFileType = undefined; includeInIndex = 0; };
		0F8D25417873439382EFEEFC /* QuartzCore.framework */ = {isa = PBXFileReference; name = "QuartzCore.framework"; path = "System/Library/Frameworks/QuartzCore.framework"; sourceTree = SDKROOT; fileEncoding = undefined; lastKnownFileType = wrapper.framework; explicitFileType = undefined; includeInIndex = 0; };
		0686768FD9B6485BB92FD658 /* ImageIO.framework */ = {isa = PBXFileReference; name = "ImageIO.framework"; path = "System/Library/Frameworks/ImageIO.framework"; sourceTree = SDKROOT; fileEncoding = undefined; lastKnownFileType = wrapper.framework; explicitFileType = undefined; includeInIndex = 0; };
		9CEDD918B9B1449E921D71EF /* MessageUI.framework */ = {isa = PBXFileReference; name = "MessageUI.framework"; path = "System/Library/Frameworks/MessageUI.framework"; sourceTree = SDKROOT; fileEncoding = undefined; lastKnownFileType = wrapper.framework; explicitFileType = undefined; includeInIndex = 0; };
/* End PBXFileReference section */

/* Begin PBXFrameworksBuildPhase section */
		1D60588F0D05DD3D006BFB54 /* Frameworks */ = {
			isa = PBXFrameworksBuildPhase;
			buildActionMask = 2147483647;
			files = (
				301BF552109A68D80062928A /* libCordova.a in Frameworks */,
				4DC3DC93940B43B298EAF6DE /* UIKit.framework in Frameworks */,
				B7DF04A89B5F44CDABF8A08B /* Foundation.framework in Frameworks */,
				14B42A0959BC4261A3D780A5 /* QuartzCore.framework in Frameworks */,
				AF269227771441BFAA107B15 /* ImageIO.framework in Frameworks */,
				4AC632E018B9457D83D942C4 /* MessageUI.framework in Frameworks */,
			);
			runOnlyForDeploymentPostprocessing = 0;
		};
/* End PBXFrameworksBuildPhase section */

/* Begin PBXGroup section */
		080E96DDFE201D6D7F000001 /* Classes */ = {
			isa = PBXGroup;
			children = (
				302D95EE14D2391D003F00A1 /* MainViewController.h */,
				302D95EF14D2391D003F00A1 /* MainViewController.m */,
				302D95F014D2391D003F00A1 /* MainViewController.xib */,
				1D3623240D0F684500981E51 /* AppDelegate.h */,
				1D3623250D0F684500981E51 /* AppDelegate.m */,
			);
			name = Classes;
			path = "HelloCordova/Classes";
			sourceTree = SOURCE_ROOT;
		};
		19C28FACFE9D520D11CA2CBB /* Products */ = {
			isa = PBXGroup;
			children = (
				1D6058910D05DD3D006BFB54 /* HelloCordova.app */,
			);
			name = Products;
			sourceTree = "<group>";
		};
		29B97314FDCFA39411CA2CEA /* CustomTemplate */ = {
			isa = PBXGroup;
			children = (
				EB87FDF41871DAF40020F90C /* config.xml */,
				EB87FDF31871DA8E0020F90C /* www */,
				EB87FDF11871DA420020F90C /* Staging */,
				301BF52D109A57CC0062928A /* CordovaLib.xcodeproj */,
				080E96DDFE201D6D7F000001 /* Classes */,
				307C750510C5A3420062BCA9 /* Plugins */,
				29B97315FDCFA39411CA2CEA /* Other Sources */,
				29B97317FDCFA39411CA2CEA /* Resources */,
				29B97323FDCFA39411CA2CEA /* Frameworks */,
				19C28FACFE9D520D11CA2CBB /* Products */,
			);
			name = CustomTemplate;
			sourceTree = "<group>";
		};
		29B97315FDCFA39411CA2CEA /* Other Sources */ = {
			isa = PBXGroup;
			children = (
				32CA4F630368D1EE00C91783 /* HelloCordova-Prefix.pch */,
				29B97316FDCFA39411CA2CEA /* main.m */,
				ED33DF2A687741AEAF9F8254 /* Bridging-Header.h */,
			);
			name = "Other Sources";
			path = "HelloCordova";
			sourceTree = "<group>";
		};
		29B97317FDCFA39411CA2CEA /* Resources */ = {
			isa = PBXGroup;
			children = (
				0207DA571B56EA530066E2B4 /* Images.xcassets */,
				3047A50E1AB8057F00498E2A /* config */,
				8D1107310486CEB800E47090 /* HelloCordova-Info.plist */,
				6AFF5BF81D6E424B00AB3073 /* CDVLaunchScreen.storyboard */,
				A794BCD3FEEA4110AE78AA9F /* Default-568h@2x.png */,
				43330228FD1A43B5B8B9EE50 /* Reader-Button-H.png */,
				C0112BDE58E54EBE9C50723C /* Reader-Button-H@2x.png */,
				E6CD8ADE18574484A4969291 /* Reader-Button-N.png */,
				6E4B2F17C1194868965411DD /* Reader-Button-N@2x.png */,
				8C7A2C93DCAE46C9B72203D0 /* Reader-Email.png */,
				8BE292ED8CEC430A94C0A419 /* Reader-Email@2x.png */,
				EEA6C335BC33459EA63E7998 /* Reader-Export.png */,
				57C80D86ED784C08A87B0D82 /* Reader-Export@2x.png */,
				1B065CD58DB94057966B9C48 /* Reader-Mark-N.png */,
				AA3C6A4D1C4549E1B00AC931 /* Reader-Mark-N@2x.png */,
				5FDD4AB1CD7D4A8F8418C17E /* Reader-Mark-Y.png */,
				FACFA14961E244EEABA2798F /* Reader-Mark-Y@2x.png */,
				FF4F72CEA0EF4B1E90188BDF /* Reader-Print.png */,
				E29ABCAF57C24386A75248D0 /* Reader-Print@2x.png */,
				E847C080D56B40B19BAB7830 /* Reader-Thumbs.png */,
				56AFCE3CFDBE4D8EA1254DFD /* Reader-Thumbs@2x.png */,
				07F29B2AF95841B5AC4EB0AC /* SDVReader-CoverPage.png */,
				F92AEB5AB6894C1CABDF63A7 /* SDVReader-CoverPage@2x.png */,
				29EC840240CC49DE9F9346EC /* SDVReader-DoublePage.png */,
				87FB1BEB2F554B65827E2540 /* SDVReader-DoublePage@2x.png */,
				A193041D34144653A0B54EE7 /* SDVReader-Outline.png */,
				9364B1FFA45A48B48AE9E03E /* SDVReader-Outline@2x.png */,
				0B80645F0A2A44EDA95E64C5 /* SDVReader-SinglePage.png */,
				73E8407094EF40B1B411420B /* SDVReader-SinglePage@2x.png */,
			);
			name = Resources;
			path = "HelloCordova/Resources";
			sourceTree = "<group>";
		};
		29B97323FDCFA39411CA2CEA /* Frameworks */ = {
			isa = PBXGroup;
			children = (
				E8F928A8D78B4E41AFD8BE01 /* UIKit.framework */,
				9EBBA513F0974FE7AC148E50 /* Foundation.framework */,
				0F8D25417873439382EFEEFC /* QuartzCore.framework */,
				0686768FD9B6485BB92FD658 /* ImageIO.framework */,
				9CEDD918B9B1449E921D71EF /* MessageUI.framework */,
			);
			name = Frameworks;
			sourceTree = "<group>";
		};
		301BF52E109A57CC0062928A /* Products */ = {
			isa = PBXGroup;
			children = (
				301BF535109A57CC0062928A /* libCordova.a */,
			);
			name = Products;
			sourceTree = "<group>";
		};
		3047A50E1AB8057F00498E2A /* config */ = {
			isa = PBXGroup;
			children = (
				3047A50F1AB8059700498E2A /* build-debug.xcconfig */,
				3047A5101AB8059700498E2A /* build-release.xcconfig */,
				3047A5111AB8059700498E2A /* build.xcconfig */,
			);
			name = config;
			sourceTree = "<group>";
		};
		307C750510C5A3420062BCA9 /* Plugins */ = {
			isa = PBXGroup;
			children = (
				4C00F2D31DF34756B3DB81DC /* SitewaertsDocumentViewer.m */,
				3448E7B43F1A40BD8D1DDE74 /* CGPDFDocument.m */,
				FBC80FAC118145FC92FC14F6 /* ReaderConstants.m */,
				FBD7138894384AAF9D1B75DB /* ReaderContentPage.m */,
				13377B6992D54BA9988586A7 /* ReaderContentTile.m */,
				697A652C0E2F44CEB35D50BF /* ReaderContentView.m */,
				5E09E8EC5FEE4BB9AB787F96 /* ReaderDocument.m */,
				2FC06ED64F6A4FD784A01781 /* ReaderDocumentOutline.m */,
				0B4314F84F7841EFB0A6EEA4 /* ReaderMainPagebar.m */,
				48BFAE47FBB643B79BDDC4D4 /* ReaderMainToolbar.m */,
				2327BA09BFD84328BE7BC2C8 /* ReaderMainToolbar+SDVReaderMainToolbarPassThrough.m */,
				E6C145B6D8DA438DB8F6C0AA /* ReaderThumbCache.m */,
				AF4B58F0C0E44FC7974723FB /* ReaderThumbFetch.m */,
				1496151120A345CEA81C381B /* ReaderThumbQueue.m */,
				3A352C6F4C18486CABA460F9 /* ReaderThumbRender.m */,
				8E338BA962F049D1AB7FF886 /* ReaderThumbRequest.m */,
				F1CC4CD20E154BCD9A57B0B6 /* ReaderThumbsView.m */,
				F0C5F11C3F3F4671BC582853 /* ReaderThumbView.m */,
				F9121585CC074F4AB4F98CB1 /* ReaderViewController.m */,
				BF51C75B712448D89F9A61B2 /* ReaderViewController+SDVReaderViewControllerPassThrough.m */,
				98C08124689548F58245B505 /* SDVReaderContentViewDoublePage.m */,
				88E5EA56077B40348B9008AF /* SDVReaderMainPagebar.m */,
				B02E27270E7B40908AFB535F /* SDVReaderMainToolbar.m */,
				2F7A13B289EC4ABFB1ECFB0E /* SDVReaderViewController.m */,
				863B52FD58964671B8B54BDE /* SDVThumbsMainToolbar.m */,
				A2B9A892288248B69251F20B /* SDVThumbsViewController.m */,
				91F218F334D3417DAE171083 /* ThumbsMainToolbar.m */,
				EC4513E7565D4E52AC64EFAC /* ThumbsMainToolbar+SDVThumbsMainToolbarPassThrough.m */,
				EA7DAA47D98D404D823DA31A /* ThumbsViewController.m */,
				F88529EF000D47E590FD8468 /* ThumbsViewController+SDVThumbsViewControllerPassThrough.m */,
				97AE8F00F419415680E1D151 /* UIXToolbarView.m */,
				C619249E15154153B6595F95 /* SitewaertsDocumentViewer.h */,
				85E919C4EFFB41E09FF8397D /* CGPDFDocument.h */,
				CE5D66C8791F4ED0BFB9A3BB /* ReaderConstants.h */,
				FBF15379F23144688B725968 /* ReaderContentPage.h */,
				7B3B7052373743F0B0294D49 /* ReaderContentTile.h */,
				003BA8F641304A3FA3B8823E /* ReaderContentView.h */,
				793264EE733B4FAA8AFC28C1 /* ReaderDocument.h */,
				D7715A9056804D679BF6F907 /* ReaderDocumentOutline.h */,
				10E0D0CAB2DF4DCD890778A7 /* ReaderMainPagebar.h */,
				FDE2424387F947BD841C3ED8 /* ReaderMainToolbar.h */,
				69F5EFAF0C374CF188AD1293 /* ReaderMainToolbar+SDVReaderMainToolbarPassThrough.h */,
				83E6C58090FB42B1B7455F9E /* ReaderThumbCache.h */,
				49A638CF17594078931329C4 /* ReaderThumbFetch.h */,
				876607698A9749A49EA26868 /* ReaderThumbQueue.h */,
				89F07A3395054001AC419868 /* ReaderThumbRender.h */,
				4047170B1FE144A28902BF5F /* ReaderThumbRequest.h */,
				54CD57E18F8C46D69254FE44 /* ReaderThumbsView.h */,
				91804C882AEB4CB593D7089A /* ReaderThumbView.h */,
				5B55F9EBC2CC41649D81AF57 /* ReaderViewController.h */,
				49DB1B40D18C4C7099D72D3C /* ReaderViewController+SDVReaderViewControllerPassThrough.h */,
				1630DAA677F34D8FAB13B093 /* SDVReaderContentViewDoublePage.h */,
				23A097230237464B86F3E955 /* SDVReaderMainPagebar.h */,
				DAB0DD4A8252402EA71D848A /* SDVReaderMainToolbar.h */,
				3B43D712A86A47BA98E9DDB9 /* SDVReaderViewController.h */,
				E7675636AC804895A79CBB2A /* SDVThumbsMainToolbar.h */,
				845C17527AAF41099C94F7D0 /* SDVThumbsViewController.h */,
				C39F714DD65C43D795C18328 /* ThumbsMainToolbar.h */,
				A3F1A458AC104B3697AAFFA0 /* ThumbsMainToolbar+SDVThumbsMainToolbarPassThrough.h */,
				7194DF30A0F44D8F9A97D047 /* ThumbsViewController.h */,
				869DFEC09E6B486281650A66 /* ThumbsViewController+SDVThumbsViewControllerPassThrough.h */,
				50E1EF8E44094F2CAB81A8AD /* UIXToolbarView.h */,
			);
			name = Plugins;
			path = "HelloCordova/Plugins";
			sourceTree = SOURCE_ROOT;
		};
		EB87FDF11871DA420020F90C /* Staging */ = {
			isa = PBXGroup;
			children = (
				F840E1F0165FE0F500CFE078 /* config.xml */,
				301BF56E109A69640062928A /* www */,
			);
			name = Staging;
			sourceTree = "<group>";
		};
/* End PBXGroup section */

/* Begin PBXNativeTarget section */
		1D6058900D05DD3D006BFB54 /* HelloCordova */ = {
			isa = PBXNativeTarget;
			buildConfigurationList = 1D6058960D05DD3E006BFB54 /* Build configuration list for PBXNativeTarget "HelloCordova" */;
			buildPhases = (
				304B58A110DAC018002A0835 /* Copy www directory */,
				1D60588D0D05DD3D006BFB54 /* Resources */,
				1D60588E0D05DD3D006BFB54 /* Sources */,
				1D60588F0D05DD3D006BFB54 /* Frameworks */,
			);
			buildRules = (
			);
			dependencies = (
				301BF551109A68C00062928A /* PBXTargetDependency */,
			);
			name = "HelloCordova";
			productName = "HelloCordova";
			productReference = 1D6058910D05DD3D006BFB54 /* HelloCordova.app */;
			productType = "com.apple.product-type.application";
		};
/* End PBXNativeTarget section */

/* Begin PBXProject section */
		29B97313FDCFA39411CA2CEA /* Project object */ = {
			isa = PBXProject;
			attributes = {
				LastUpgradeCheck = 510;
			};
			buildConfigurationList = C01FCF4E08A954540054247B /* Build configuration list for PBXProject "__NON-CLI__" */;
			compatibilityVersion = "Xcode 3.2";
			developmentRegion = English;
			hasScannedForEncodings = 1;
			mainGroup = 29B97314FDCFA39411CA2CEA /* CustomTemplate */;
			projectDirPath = "";
			projectReferences = (
				{
					ProductGroup = 301BF52E109A57CC0062928A /* Products */;
					ProjectRef = 301BF52D109A57CC0062928A /* CordovaLib.xcodeproj */;
				},
			);
			projectRoot = "";
			targets = (
				1D6058900D05DD3D006BFB54 /* HelloCordova */,
			);
		};
/* End PBXProject section */

/* Begin PBXReferenceProxy section */
		301BF535109A57CC0062928A /* libCordova.a */ = {
			isa = PBXReferenceProxy;
			fileType = archive.ar;
			path = libCordova.a;
			remoteRef = 301BF534109A57CC0062928A /* PBXContainerItemProxy */;
			sourceTree = BUILT_PRODUCTS_DIR;
		};
/* End PBXReferenceProxy section */

/* Begin PBXResourcesBuildPhase section */
		1D60588D0D05DD3D006BFB54 /* Resources */ = {
			isa = PBXResourcesBuildPhase;
			buildActionMask = 2147483647;
			files = (
				302D95F214D2391D003F00A1 /* MainViewController.xib in Resources */,
				0207DA581B56EA530066E2B4 /* Images.xcassets in Resources */,
				6AFF5BF91D6E424B00AB3073 /* CDVLaunchScreen.storyboard in Resources */,
				444B1ADBAFAB4AD7B226D53A /* Default-568h@2x.png in Resources */,
				0A622331F4F545E0A2F26892 /* Reader-Button-H.png in Resources */,
				C9ABF95176D44790B30D7C30 /* Reader-Button-H@2x.png in Resources */,
				34DDD4A3A6BB4BCFBC7271BB /* Reader-Button-N.png in Resources */,
				56A7B064EEBF47A8ABFD25BE /* Reader-Button-N@2x.png in Resources */,
				DC676C2A2A404945A8EAC5C8 /* Reader-Email.png in Resources */,
				2DB57E134785490AB15537E5 /* Reader-Email@2x.png in Resources */,
				2BF146C84F9940BCA50598D5 /* Reader-Export.png in Resources */,
				456690EF7E904FFC9F6BEA34 /* Reader-Export@2x.png in Resources */,
				A32FA096618A47569FCC0135 /* Reader-Mark-N.png in Resources */,
				A4D8F9A8F5DF49678BC2D022 /* Reader-Mark-N@2x.png in Resources */,
				56541FB6D16E47ADAA48E9A2 /* Reader-Mark-Y.png in Resources */,
				3397B9FD21D848FF9A7CF355 /* Reader-Mark-Y@2x.png in Resources */,
				65FB2DAA96F547A284509C9C /* Reader-Print.png in Resources */,
				60C560E651EB402B8C42B713 /* Reader-Print@2x.png in Resources */,
				98C20BE7DB8F43FAABC5312A /* Reader-Thumbs.png in Resources */,
				404E524B69434D2D8735C3D0 /* Reader-Thumbs@2x.png in Resources */,
				74B24456542842F0B89526F2 /* SDVReader-CoverPage.png in Resources */,
				F90E9FFA4E044DB5B21A36E7 /* SDVReader-CoverPage@2x.png in Resources */,
				D7D613E523BD4F7DB19B34FE /* SDVReader-DoublePage.png in Resources */,
				2ABAAC9500264136ADEF2D1E /* SDVReader-DoublePage@2x.png in Resources */,
				2DC698D0B1CE46EAB3B57AE5 /* SDVReader-Outline.png in Resources */,
				909861B83982496F842663E2 /* SDVReader-Outline@2x.png in Resources */,
				D5FFD5C6A2054A12B50F625D /* SDVReader-SinglePage.png in Resources */,
				7E53A9AA35DC4714B7C7416C /* SDVReader-SinglePage@2x.png in Resources */,
			);
			runOnlyForDeploymentPostprocessing = 0;
		};
/* End PBXResourcesBuildPhase section */

/* Begin PBXShellScriptBuildPhase section */
		304B58A110DAC018002A0835 /* Copy www directory */ = {
			isa = PBXShellScriptBuildPhase;
			buildActionMask = 2147483647;
			files = (
			);
			inputPaths = (
			);
			name = "Copy www directory";
			outputPaths = (
			);
			runOnlyForDeploymentPostprocessing = 0;
			shellPath = /bin/sh;
			shellScript = "NODEJS_PATH=/usr/local/bin; NVM_NODE_PATH=~/.nvm/versions/node/`nvm version 2>/dev/null`/bin; N_NODE_PATH=`find /usr/local/n/versions/node/* -maxdepth 0 -type d 2>/dev/null | tail -1`/bin; XCODE_NODE_PATH=`xcode-select --print-path`/usr/share/xcs/Node/bin; PATH=$NODEJS_PATH:$NVM_NODE_PATH:$N_NODE_PATH:$XCODE_NODE_PATH:$PATH && node cordova/lib/copy-www-build-step.js";
			showEnvVarsInLog = 0;
		};
/* End PBXShellScriptBuildPhase section */

/* Begin PBXSourcesBuildPhase section */
		1D60588E0D05DD3D006BFB54 /* Sources */ = {
			isa = PBXSourcesBuildPhase;
			buildActionMask = 2147483647;
			files = (
				1D60589B0D05DD56006BFB54 /* main.m in Sources */,
				1D3623260D0F684500981E51 /* AppDelegate.m in Sources */,
				302D95F114D2391D003F00A1 /* MainViewController.m in Sources */,
				531891430BE74D058CA1FFDF /* SitewaertsDocumentViewer.m in Sources */,
				7625BD23B29D4E43B2546164 /* CGPDFDocument.m in Sources */,
				3F0B78C8E88C42A29735DD48 /* ReaderConstants.m in Sources */,
				271B5AF56E1B47C8AFD2FB0A /* ReaderContentPage.m in Sources */,
				90944A746EA14CD4A21D2096 /* ReaderContentTile.m in Sources */,
				5A2EAC87F0E440618449586F /* ReaderContentView.m in Sources */,
				CBFF0453FA2D4007A9B4BCA9 /* ReaderDocument.m in Sources */,
				60A1F8573D344E4DBF2B81CD /* ReaderDocumentOutline.m in Sources */,
				34B3D9FE4E7B4B5887EBA816 /* ReaderMainPagebar.m in Sources */,
				E51B025334F04CAF96FC0426 /* ReaderMainToolbar.m in Sources */,
				5A0BB036B692416FA9AF0B43 /* ReaderMainToolbar+SDVReaderMainToolbarPassThrough.m in Sources */,
				908A423EA0E04A808DD783B4 /* ReaderThumbCache.m in Sources */,
				2BDCEBFF9F0C428188C48E16 /* ReaderThumbFetch.m in Sources */,
				1415475561914207A742759F /* ReaderThumbQueue.m in Sources */,
				683BC966631741CDBE37F7F3 /* ReaderThumbRender.m in Sources */,
				A9A62544FD614899A36C82D3 /* ReaderThumbRequest.m in Sources */,
				CB4AD6EF99DC4BA9B1710C06 /* ReaderThumbsView.m in Sources */,
				79B1485ECA014473839CF8E8 /* ReaderThumbView.m in Sources */,
				5AD20EFF98944E7DA0AF86F9 /* ReaderViewController.m in Sources */,
				716405D85E904D73A65DBBA1 /* ReaderViewController+SDVReaderViewControllerPassThrough.m in Sources */,
				B44379B46D22427EA9F3C33B /* SDVReaderContentViewDoublePage.m in Sources */,
				C04ECB089CD94E08AC3C8A69 /* SDVReaderMainPagebar.m in Sources */,
				8B044E04E36F499BB9CB2CD2 /* SDVReaderMainToolbar.m in Sources */,
				A31639B21820442BA6BA8867 /* SDVReaderViewController.m in Sources */,
				4F12B07DFE8C4204A020FAE7 /* SDVThumbsMainToolbar.m in Sources */,
				1ADE3D078E6342BD9AACA4FD /* SDVThumbsViewController.m in Sources */,
				BBCD31A2F07C481E850F6B39 /* ThumbsMainToolbar.m in Sources */,
				48585E5C53AB4582B7759F68 /* ThumbsMainToolbar+SDVThumbsMainToolbarPassThrough.m in Sources */,
				7B4F2402611A491CADBF3020 /* ThumbsViewController.m in Sources */,
				BDFAF2D23F0049CA99E344F5 /* ThumbsViewController+SDVThumbsViewControllerPassThrough.m in Sources */,
				A3AAE245801A4B729C3EF8F1 /* UIXToolbarView.m in Sources */,
			);
			runOnlyForDeploymentPostprocessing = 0;
		};
/* End PBXSourcesBuildPhase section */

/* Begin PBXTargetDependency section */
		301BF551109A68C00062928A /* PBXTargetDependency */ = {
			isa = PBXTargetDependency;
			name = CordovaLib;
			targetProxy = 301BF550109A68C00062928A /* PBXContainerItemProxy */;
		};
/* End PBXTargetDependency section */

/* Begin XCBuildConfiguration section */
		1D6058940D05DD3E006BFB54 /* Debug */ = {
			isa = XCBuildConfiguration;
			baseConfigurationReference = 3047A50F1AB8059700498E2A /* build-debug.xcconfig */;
			buildSettings = {
				ALWAYS_SEARCH_USER_PATHS = NO;
				ASSETCATALOG_COMPILER_APPICON_NAME = AppIcon;
				ASSETCATALOG_COMPILER_LAUNCHIMAGE_NAME = LaunchImage;
				CLANG_ENABLE_MODULES = YES;
				CLANG_ENABLE_OBJC_ARC = YES;
				COPY_PHASE_STRIP = NO;
				GCC_DYNAMIC_NO_PIC = NO;
				GCC_OPTIMIZATION_LEVEL = 0;
				GCC_PRECOMPILE_PREFIX_HEADER = YES;
				GCC_PREFIX_HEADER = "HelloCordova/HelloCordova-Prefix.pch";
				GCC_THUMB_SUPPORT = NO;
				GCC_VERSION = "";
				INFOPLIST_FILE = "HelloCordova/HelloCordova-Info.plist";
				IPHONEOS_DEPLOYMENT_TARGET = 9.0;
				LD_RUNPATH_SEARCH_PATHS = "@executable_path/Frameworks";
				TARGETED_DEVICE_FAMILY = "1,2";
				PRODUCT_NAME = "HelloCordova";
			};
			name = Debug;
		};
		1D6058950D05DD3E006BFB54 /* Release */ = {
			isa = XCBuildConfiguration;
			baseConfigurationReference = 3047A5101AB8059700498E2A /* build-release.xcconfig */;
			buildSettings = {
				ALWAYS_SEARCH_USER_PATHS = NO;
				ASSETCATALOG_COMPILER_APPICON_NAME = AppIcon;
				ASSETCATALOG_COMPILER_LAUNCHIMAGE_NAME = LaunchImage;
				CLANG_ENABLE_MODULES = YES;
				CLANG_ENABLE_OBJC_ARC = YES;
				COPY_PHASE_STRIP = YES;
				GCC_PRECOMPILE_PREFIX_HEADER = YES;
				GCC_PREFIX_HEADER = "HelloCordova/HelloCordova-Prefix.pch";
				GCC_THUMB_SUPPORT = NO;
				GCC_VERSION = "";
				INFOPLIST_FILE = "HelloCordova/HelloCordova-Info.plist";
				IPHONEOS_DEPLOYMENT_TARGET = 9.0;
				LD_RUNPATH_SEARCH_PATHS = "@executable_path/Frameworks";
				TARGETED_DEVICE_FAMILY = "1,2";
				PRODUCT_NAME = "HelloCordova";
			};
			name = Release;
		};
		C01FCF4F08A954540054247B /* Debug */ = {
			isa = XCBuildConfiguration;
			baseConfigurationReference = 3047A5111AB8059700498E2A /* build.xcconfig */;
			buildSettings = {
				CLANG_ENABLE_MODULES = YES;
				CLANG_ENABLE_OBJC_ARC = YES;
				CLANG_WARN_BOOL_CONVERSION = YES;
				CLANG_WARN_CONSTANT_CONVERSION = YES;
				CLANG_WARN_EMPTY_BODY = YES;
				CLANG_WARN_ENUM_CONVERSION = YES;
				CLANG_WARN_INT_CONVERSION = YES;
				CLANG_WARN__DUPLICATE_METHOD_MATCH = YES;
				GCC_C_LANGUAGE_STANDARD = c99;
				GCC_THUMB_SUPPORT = NO;
				GCC_VERSION = "";
				GCC_WARN_ABOUT_RETURN_TYPE = YES;
				GCC_WARN_UNDECLARED_SELECTOR = YES;
				GCC_WARN_UNINITIALIZED_AUTOS = YES;
				GCC_WARN_UNUSED_FUNCTION = YES;
				GCC_WARN_UNUSED_VARIABLE = YES;
				ONLY_ACTIVE_ARCH = YES;
				SDKROOT = iphoneos;
				SKIP_INSTALL = NO;
			};
			name = Debug;
		};
		C01FCF5008A954540054247B /* Release */ = {
			isa = XCBuildConfiguration;
			baseConfigurationReference = 3047A5111AB8059700498E2A /* build.xcconfig */;
			buildSettings = {
				CLANG_ENABLE_MODULES = YES;
				CLANG_ENABLE_OBJC_ARC = YES;
				CLANG_WARN_BOOL_CONVERSION = YES;
				CLANG_WARN_CONSTANT_CONVERSION = YES;
				CLANG_WARN_EMPTY_BODY = YES;
				CLANG_WARN_ENUM_CONVERSION = YES;
				CLANG_WARN_INT_CONVERSION = YES;
				CLANG_WARN__DUPLICATE_METHOD_MATCH = YES;
				GCC_C_LANGUAGE_STANDARD = c99;
				GCC_THUMB_SUPPORT = NO;
				GCC_VERSION = "";
				GCC_WARN_ABOUT_RETURN_TYPE = YES;
				GCC_WARN_UNDECLARED_SELECTOR = YES;
				GCC_WARN_UNINITIALIZED_AUTOS = YES;
				GCC_WARN_UNUSED_FUNCTION = YES;
				GCC_WARN_UNUSED_VARIABLE = YES;
				SDKROOT = iphoneos;
				SKIP_INSTALL = NO;
			};
			name = Release;
		};
/* End XCBuildConfiguration section */

/* Begin XCConfigurationList section */
		1D6058960D05DD3E006BFB54 /* Build configuration list for PBXNativeTarget "HelloCordova" */ = {
			isa = XCConfigurationList;
			buildConfigurations = (
				1D6058940D05DD3E006BFB54 /* Debug */,
				1D6058950D05DD3E006BFB54 /* Release */,
			);
			defaultConfigurationIsVisible = 0;
			defaultConfigurationName = Release;
		};
		C01FCF4E08A954540054247B /* Build configuration list for PBXProject "__NON-CLI__" */ = {
			isa = XCConfigurationList;
			buildConfigurations = (
				C01FCF4F08A954540054247B /* Debug */,
				C01FCF5008A954540054247B /* Release */,
			);
			defaultConfigurationIsVisible = 0;
			defaultConfigurationName = Release;
		};
/* End XCConfigurationList section */
	};
	rootObject = 29B97313FDCFA39411CA2CEA /* Project object */;
}
